
Microsoft Visual Studio Solution File, Format Version 12.00
# Visual Studio Version 17
VisualStudioVersion = 17.0.31903.59
MinimumVisualStudioVersion = 10.0.40219.1
Project("{FAE04EC0-301F-11D3-BF4B-00C04F79EFBC}") = "Fightinggame", "Fightinggame\Fightinggame.csproj", "{AA6AFFC9-312B-4836-AC4F-E2529361E3DD}"
EndProject
Global
	GlobalSection(SolutionConfigurationPlatforms) = preSolution
		Debug|Any CPU = Debug|Any CPU
		Release|Any CPU = Release|Any CPU
	EndGlobalSection
	GlobalSection(SolutionProperties) = preSolution
		HideSolutionNode = FALSE
	EndGlobalSection
	GlobalSection(ProjectConfigurationPlatforms) = postSolution
		{AA6AFFC9-312B-4836-AC4F-E2529361E3DD}.Debug|Any CPU.ActiveCfg = Debug|Any CPU
		{AA6AFFC9-312B-4836-AC4F-E2529361E3DD}.Debug|Any CPU.Build.0 = Debug|Any CPU
		{AA6AFFC9-312B-4836-AC4F-E2529361E3DD}.Release|Any CPU.ActiveCfg = Release|Any CPU
		{AA6AFFC9-312B-4836-AC4F-E2529361E3DD}.Release|Any CPU.Build.0 = Release|Any CPU
	EndGlobalSection
EndGlobal
